
Microsoft Visual Studio Solution File, Format Version 12.00
# Visual Studio Version 17
VisualStudioVersion = 17.0.31903.59
MinimumVisualStudioVersion = 10.0.40219.1
Project("{2150E333-8FDC-42A3-9474-1A3956D46DE8}") = "src", "src", "{04FFEE81-B591-4C83-BD54-114328A069D6}"
EndProject
Project("{2150E333-8FDC-42A3-9474-1A3956D46DE8}") = "tests", "tests", "{FD360C74-E961-40F7-95B9-9368D9CECAB1}"
EndProject
Project("{FAE04EC0-301F-11D3-BF4B-00C04F79EFBC}") = "Domain", "src\Domain\Domain.csproj", "{0E5FA3C3-4942-42A2-B76E-F6B7A3D689A2}"
EndProject
Project("{FAE04EC0-301F-11D3-BF4B-00C04F79EFBC}") = "Application", "src\Application\Application.csproj", "{F7D4D3CC-0C03-47B2-BABC-47AF5C7583D4}"
EndProject
Project("{FAE04EC0-301F-11D3-BF4B-00C04F79EFBC}") = "InterfaceAdapters", "src\InterfaceAdapters\InterfaceAdapters.csproj", "{C6A2666E-C963-49A4-9575-289DB8FA9D75}"
EndProject
Project("{2150E333-8FDC-42A3-9474-1A3956D46DE8}") = "Infraestructure", "Infraestructure", "{3C43C90F-B430-45F3-9480-9A094C73C76E}"
EndProject
Project("{FAE04EC0-301F-11D3-BF4B-00C04F79EFBC}") = "BCrypt", "src\Infraestructure\BCrypt\BCrypt.csproj", "{B0FABAA9-C4DF-4AD6-BFD2-379C6D4A997D}"
EndProject
Project("{FAE04EC0-301F-11D3-BF4B-00C04F79EFBC}") = "EntityFramework", "src\Infraestructure\EntityFramework\EntityFramework.csproj", "{AB2294D5-7362-408E-BD5E-BA8FC0F032CC}"
EndProject
Project("{FAE04EC0-301F-11D3-BF4B-00C04F79EFBC}") = "FluentValidationProj", "src\Infraestructure\FluentValidation\FluentValidationProj.csproj", "{D76B03FB-9D51-4602-A5F5-349AD780345B}"
EndProject
Project("{FAE04EC0-301F-11D3-BF4B-00C04F79EFBC}") = "MinimalAPI", "src\Infraestructure\MinimalAPI\MinimalAPI.csproj", "{F4C71141-313C-491A-92BA-904B61DB10D5}"
EndProject
Project("{FAE04EC0-301F-11D3-BF4B-00C04F79EFBC}") = "ApplicationTest", "tests\ApplicationTest\ApplicationTest.csproj", "{5823343A-EFF1-4C3D-AA5C-55048073100D}"
EndProject
Project("{2150E333-8FDC-42A3-9474-1A3956D46DE8}") = "Infraestructure", "Infraestructure", "{204E9936-EA96-4EBE-ABC8-0CBEA17EF138}"
EndProject
Project("{FAE04EC0-301F-11D3-BF4B-00C04F79EFBC}") = "EntityFrameworkTest", "tests\Infraestructure\EntityFrameworkTest\EntityFrameworkTest.csproj", "{00C846E4-5CEB-4C8E-88F5-D63037BBD47E}"
EndProject
Project("{FAE04EC0-301F-11D3-BF4B-00C04F79EFBC}") = "FluentValidationTest", "tests\Infraestructure\FluentValidationTest\FluentValidationTest.csproj", "{37096DA1-0E94-47E6-86BE-57B0DFEF0AA7}"
EndProject
Project("{FAE04EC0-301F-11D3-BF4B-00C04F79EFBC}") = "Mariadb", "src\Infraestructure\Mariadb\Mariadb.csproj", "{83CA6B65-BDFD-41FB-AD7D-FC58C04E3695}"
EndProject
Project("{2150E333-8FDC-42A3-9474-1A3956D46DE8}") = "MailKit", "MailKit", "{411766BB-6E95-64C5-673D-2CCA77431681}"
EndProject
Project("{FAE04EC0-301F-11D3-BF4B-00C04F79EFBC}") = "MailKitProj", "src\Infraestructure\MailKit\MailKitProj.csproj", "{B793F3EA-50CC-4BDC-8F8D-F79160ECCD3C}"
EndProject
Project("{FAE04EC0-301F-11D3-BF4B-00C04F79EFBC}") = "Cli", "src\Infraestructure\Cli\Cli.csproj", "{16951FB5-BB09-4B71-B432-39E035BA96A9}"
EndProject
Project("{2150E333-8FDC-42A3-9474-1A3956D46DE8}") = "FluentValidation", "FluentValidation", "{49D7A39A-4966-7E6A-401E-D155E024C9ED}"
EndProject
Project("{FAE04EC0-301F-11D3-BF4B-00C04F79EFBC}") = "Composition", "src\Infraestructure\Composition\Composition.csproj", "{7EDE3E70-7538-400D-8B18-68A49CD34A68}"
EndProject
Global
	GlobalSection(SolutionConfigurationPlatforms) = preSolution
		Debug|Any CPU = Debug|Any CPU
		Debug|x64 = Debug|x64
		Debug|x86 = Debug|x86
		Release|Any CPU = Release|Any CPU
		Release|x64 = Release|x64
		Release|x86 = Release|x86
	EndGlobalSection
	GlobalSection(ProjectConfigurationPlatforms) = postSolution
		{0E5FA3C3-4942-42A2-B76E-F6B7A3D689A2}.Debug|Any CPU.ActiveCfg = Debug|Any CPU
		{0E5FA3C3-4942-42A2-B76E-F6B7A3D689A2}.Debug|Any CPU.Build.0 = Debug|Any CPU
		{0E5FA3C3-4942-42A2-B76E-F6B7A3D689A2}.Debug|x64.ActiveCfg = Debug|Any CPU
		{0E5FA3C3-4942-42A2-B76E-F6B7A3D689A2}.Debug|x64.Build.0 = Debug|Any CPU
		{0E5FA3C3-4942-42A2-B76E-F6B7A3D689A2}.Debug|x86.ActiveCfg = Debug|Any CPU
		{0E5FA3C3-4942-42A2-B76E-F6B7A3D689A2}.Debug|x86.Build.0 = Debug|Any CPU
		{0E5FA3C3-4942-42A2-B76E-F6B7A3D689A2}.Release|Any CPU.ActiveCfg = Release|Any CPU
		{0E5FA3C3-4942-42A2-B76E-F6B7A3D689A2}.Release|Any CPU.Build.0 = Release|Any CPU
		{0E5FA3C3-4942-42A2-B76E-F6B7A3D689A2}.Release|x64.ActiveCfg = Release|Any CPU
		{0E5FA3C3-4942-42A2-B76E-F6B7A3D689A2}.Release|x64.Build.0 = Release|Any CPU
		{0E5FA3C3-4942-42A2-B76E-F6B7A3D689A2}.Release|x86.ActiveCfg = Release|Any CPU
		{0E5FA3C3-4942-42A2-B76E-F6B7A3D689A2}.Release|x86.Build.0 = Release|Any CPU
		{F7D4D3CC-0C03-47B2-BABC-47AF5C7583D4}.Debug|Any CPU.ActiveCfg = Debug|Any CPU
		{F7D4D3CC-0C03-47B2-BABC-47AF5C7583D4}.Debug|Any CPU.Build.0 = Debug|Any CPU
		{F7D4D3CC-0C03-47B2-BABC-47AF5C7583D4}.Debug|x64.ActiveCfg = Debug|Any CPU
		{F7D4D3CC-0C03-47B2-BABC-47AF5C7583D4}.Debug|x64.Build.0 = Debug|Any CPU
		{F7D4D3CC-0C03-47B2-BABC-47AF5C7583D4}.Debug|x86.ActiveCfg = Debug|Any CPU
		{F7D4D3CC-0C03-47B2-BABC-47AF5C7583D4}.Debug|x86.Build.0 = Debug|Any CPU
		{F7D4D3CC-0C03-47B2-BABC-47AF5C7583D4}.Release|Any CPU.ActiveCfg = Release|Any CPU
		{F7D4D3CC-0C03-47B2-BABC-47AF5C7583D4}.Release|Any CPU.Build.0 = Release|Any CPU
		{F7D4D3CC-0C03-47B2-BABC-47AF5C7583D4}.Release|x64.ActiveCfg = Release|Any CPU
		{F7D4D3CC-0C03-47B2-BABC-47AF5C7583D4}.Release|x64.Build.0 = Release|Any CPU
		{F7D4D3CC-0C03-47B2-BABC-47AF5C7583D4}.Release|x86.ActiveCfg = Release|Any CPU
		{F7D4D3CC-0C03-47B2-BABC-47AF5C7583D4}.Release|x86.Build.0 = Release|Any CPU
		{C6A2666E-C963-49A4-9575-289DB8FA9D75}.Debug|Any CPU.ActiveCfg = Debug|Any CPU
		{C6A2666E-C963-49A4-9575-289DB8FA9D75}.Debug|Any CPU.Build.0 = Debug|Any CPU
		{C6A2666E-C963-49A4-9575-289DB8FA9D75}.Debug|x64.ActiveCfg = Debug|Any CPU
		{C6A2666E-C963-49A4-9575-289DB8FA9D75}.Debug|x64.Build.0 = Debug|Any CPU
		{C6A2666E-C963-49A4-9575-289DB8FA9D75}.Debug|x86.ActiveCfg = Debug|Any CPU
		{C6A2666E-C963-49A4-9575-289DB8FA9D75}.Debug|x86.Build.0 = Debug|Any CPU
		{C6A2666E-C963-49A4-9575-289DB8FA9D75}.Release|Any CPU.ActiveCfg = Release|Any CPU
		{C6A2666E-C963-49A4-9575-289DB8FA9D75}.Release|Any CPU.Build.0 = Release|Any CPU
		{C6A2666E-C963-49A4-9575-289DB8FA9D75}.Release|x64.ActiveCfg = Release|Any CPU
		{C6A2666E-C963-49A4-9575-289DB8FA9D75}.Release|x64.Build.0 = Release|Any CPU
		{C6A2666E-C963-49A4-9575-289DB8FA9D75}.Release|x86.ActiveCfg = Release|Any CPU
		{C6A2666E-C963-49A4-9575-289DB8FA9D75}.Release|x86.Build.0 = Release|Any CPU
		{B0FABAA9-C4DF-4AD6-BFD2-379C6D4A997D}.Debug|Any CPU.ActiveCfg = Debug|Any CPU
		{B0FABAA9-C4DF-4AD6-BFD2-379C6D4A997D}.Debug|Any CPU.Build.0 = Debug|Any CPU
		{B0FABAA9-C4DF-4AD6-BFD2-379C6D4A997D}.Debug|x64.ActiveCfg = Debug|Any CPU
		{B0FABAA9-C4DF-4AD6-BFD2-379C6D4A997D}.Debug|x64.Build.0 = Debug|Any CPU
		{B0FABAA9-C4DF-4AD6-BFD2-379C6D4A997D}.Debug|x86.ActiveCfg = Debug|Any CPU
		{B0FABAA9-C4DF-4AD6-BFD2-379C6D4A997D}.Debug|x86.Build.0 = Debug|Any CPU
		{B0FABAA9-C4DF-4AD6-BFD2-379C6D4A997D}.Release|Any CPU.ActiveCfg = Release|Any CPU
		{B0FABAA9-C4DF-4AD6-BFD2-379C6D4A997D}.Release|Any CPU.Build.0 = Release|Any CPU
		{B0FABAA9-C4DF-4AD6-BFD2-379C6D4A997D}.Release|x64.ActiveCfg = Release|Any CPU
		{B0FABAA9-C4DF-4AD6-BFD2-379C6D4A997D}.Release|x64.Build.0 = Release|Any CPU
		{B0FABAA9-C4DF-4AD6-BFD2-379C6D4A997D}.Release|x86.ActiveCfg = Release|Any CPU
		{B0FABAA9-C4DF-4AD6-BFD2-379C6D4A997D}.Release|x86.Build.0 = Release|Any CPU
		{AB2294D5-7362-408E-BD5E-BA8FC0F032CC}.Debug|Any CPU.ActiveCfg = Debug|Any CPU
		{AB2294D5-7362-408E-BD5E-BA8FC0F032CC}.Debug|Any CPU.Build.0 = Debug|Any CPU
		{AB2294D5-7362-408E-BD5E-BA8FC0F032CC}.Debug|x64.ActiveCfg = Debug|Any CPU
		{AB2294D5-7362-408E-BD5E-BA8FC0F032CC}.Debug|x64.Build.0 = Debug|Any CPU
		{AB2294D5-7362-408E-BD5E-BA8FC0F032CC}.Debug|x86.ActiveCfg = Debug|Any CPU
		{AB2294D5-7362-408E-BD5E-BA8FC0F032CC}.Debug|x86.Build.0 = Debug|Any CPU
		{AB2294D5-7362-408E-BD5E-BA8FC0F032CC}.Release|Any CPU.ActiveCfg = Release|Any CPU
		{AB2294D5-7362-408E-BD5E-BA8FC0F032CC}.Release|Any CPU.Build.0 = Release|Any CPU
		{AB2294D5-7362-408E-BD5E-BA8FC0F032CC}.Release|x64.ActiveCfg = Release|Any CPU
		{AB2294D5-7362-408E-BD5E-BA8FC0F032CC}.Release|x64.Build.0 = Release|Any CPU
		{AB2294D5-7362-408E-BD5E-BA8FC0F032CC}.Release|x86.ActiveCfg = Release|Any CPU
		{AB2294D5-7362-408E-BD5E-BA8FC0F032CC}.Release|x86.Build.0 = Release|Any CPU
		{D76B03FB-9D51-4602-A5F5-349AD780345B}.Debug|Any CPU.ActiveCfg = Debug|Any CPU
		{D76B03FB-9D51-4602-A5F5-349AD780345B}.Debug|Any CPU.Build.0 = Debug|Any CPU
		{D76B03FB-9D51-4602-A5F5-349AD780345B}.Debug|x64.ActiveCfg = Debug|Any CPU
		{D76B03FB-9D51-4602-A5F5-349AD780345B}.Debug|x64.Build.0 = Debug|Any CPU
		{D76B03FB-9D51-4602-A5F5-349AD780345B}.Debug|x86.ActiveCfg = Debug|Any CPU
		{D76B03FB-9D51-4602-A5F5-349AD780345B}.Debug|x86.Build.0 = Debug|Any CPU
		{D76B03FB-9D51-4602-A5F5-349AD780345B}.Release|Any CPU.ActiveCfg = Release|Any CPU
		{D76B03FB-9D51-4602-A5F5-349AD780345B}.Release|Any CPU.Build.0 = Release|Any CPU
		{D76B03FB-9D51-4602-A5F5-349AD780345B}.Release|x64.ActiveCfg = Release|Any CPU
		{D76B03FB-9D51-4602-A5F5-349AD780345B}.Release|x64.Build.0 = Release|Any CPU
		{D76B03FB-9D51-4602-A5F5-349AD780345B}.Release|x86.ActiveCfg = Release|Any CPU
		{D76B03FB-9D51-4602-A5F5-349AD780345B}.Release|x86.Build.0 = Release|Any CPU
		{F4C71141-313C-491A-92BA-904B61DB10D5}.Debug|Any CPU.ActiveCfg = Debug|Any CPU
		{F4C71141-313C-491A-92BA-904B61DB10D5}.Debug|Any CPU.Build.0 = Debug|Any CPU
		{F4C71141-313C-491A-92BA-904B61DB10D5}.Debug|x64.ActiveCfg = Debug|Any CPU
		{F4C71141-313C-491A-92BA-904B61DB10D5}.Debug|x64.Build.0 = Debug|Any CPU
		{F4C71141-313C-491A-92BA-904B61DB10D5}.Debug|x86.ActiveCfg = Debug|Any CPU
		{F4C71141-313C-491A-92BA-904B61DB10D5}.Debug|x86.Build.0 = Debug|Any CPU
		{F4C71141-313C-491A-92BA-904B61DB10D5}.Release|Any CPU.ActiveCfg = Release|Any CPU
		{F4C71141-313C-491A-92BA-904B61DB10D5}.Release|Any CPU.Build.0 = Release|Any CPU
		{F4C71141-313C-491A-92BA-904B61DB10D5}.Release|x64.ActiveCfg = Release|Any CPU
		{F4C71141-313C-491A-92BA-904B61DB10D5}.Release|x64.Build.0 = Release|Any CPU
		{F4C71141-313C-491A-92BA-904B61DB10D5}.Release|x86.ActiveCfg = Release|Any CPU
		{F4C71141-313C-491A-92BA-904B61DB10D5}.Release|x86.Build.0 = Release|Any CPU
		{5823343A-EFF1-4C3D-AA5C-55048073100D}.Debug|Any CPU.ActiveCfg = Debug|Any CPU
		{5823343A-EFF1-4C3D-AA5C-55048073100D}.Debug|Any CPU.Build.0 = Debug|Any CPU
		{5823343A-EFF1-4C3D-AA5C-55048073100D}.Debug|x64.ActiveCfg = Debug|Any CPU
		{5823343A-EFF1-4C3D-AA5C-55048073100D}.Debug|x64.Build.0 = Debug|Any CPU
		{5823343A-EFF1-4C3D-AA5C-55048073100D}.Debug|x86.ActiveCfg = Debug|Any CPU
		{5823343A-EFF1-4C3D-AA5C-55048073100D}.Debug|x86.Build.0 = Debug|Any CPU
		{5823343A-EFF1-4C3D-AA5C-55048073100D}.Release|Any CPU.ActiveCfg = Release|Any CPU
		{5823343A-EFF1-4C3D-AA5C-55048073100D}.Release|Any CPU.Build.0 = Release|Any CPU
		{5823343A-EFF1-4C3D-AA5C-55048073100D}.Release|x64.ActiveCfg = Release|Any CPU
		{5823343A-EFF1-4C3D-AA5C-55048073100D}.Release|x64.Build.0 = Release|Any CPU
		{5823343A-EFF1-4C3D-AA5C-55048073100D}.Release|x86.ActiveCfg = Release|Any CPU
		{5823343A-EFF1-4C3D-AA5C-55048073100D}.Release|x86.Build.0 = Release|Any CPU
		{00C846E4-5CEB-4C8E-88F5-D63037BBD47E}.Debug|Any CPU.ActiveCfg = Debug|Any CPU
		{00C846E4-5CEB-4C8E-88F5-D63037BBD47E}.Debug|Any CPU.Build.0 = Debug|Any CPU
		{00C846E4-5CEB-4C8E-88F5-D63037BBD47E}.Debug|x64.ActiveCfg = Debug|Any CPU
		{00C846E4-5CEB-4C8E-88F5-D63037BBD47E}.Debug|x64.Build.0 = Debug|Any CPU
		{00C846E4-5CEB-4C8E-88F5-D63037BBD47E}.Debug|x86.ActiveCfg = Debug|Any CPU
		{00C846E4-5CEB-4C8E-88F5-D63037BBD47E}.Debug|x86.Build.0 = Debug|Any CPU
		{00C846E4-5CEB-4C8E-88F5-D63037BBD47E}.Release|Any CPU.ActiveCfg = Release|Any CPU
		{00C846E4-5CEB-4C8E-88F5-D63037BBD47E}.Release|Any CPU.Build.0 = Release|Any CPU
		{00C846E4-5CEB-4C8E-88F5-D63037BBD47E}.Release|x64.ActiveCfg = Release|Any CPU
		{00C846E4-5CEB-4C8E-88F5-D63037BBD47E}.Release|x64.Build.0 = Release|Any CPU
		{00C846E4-5CEB-4C8E-88F5-D63037BBD47E}.Release|x86.ActiveCfg = Release|Any CPU
		{00C846E4-5CEB-4C8E-88F5-D63037BBD47E}.Release|x86.Build.0 = Release|Any CPU
		{37096DA1-0E94-47E6-86BE-57B0DFEF0AA7}.Debug|Any CPU.ActiveCfg = Debug|Any CPU
		{37096DA1-0E94-47E6-86BE-57B0DFEF0AA7}.Debug|Any CPU.Build.0 = Debug|Any CPU
		{37096DA1-0E94-47E6-86BE-57B0DFEF0AA7}.Debug|x64.ActiveCfg = Debug|Any CPU
		{37096DA1-0E94-47E6-86BE-57B0DFEF0AA7}.Debug|x64.Build.0 = Debug|Any CPU
		{37096DA1-0E94-47E6-86BE-57B0DFEF0AA7}.Debug|x86.ActiveCfg = Debug|Any CPU
		{37096DA1-0E94-47E6-86BE-57B0DFEF0AA7}.Debug|x86.Build.0 = Debug|Any CPU
		{37096DA1-0E94-47E6-86BE-57B0DFEF0AA7}.Release|Any CPU.ActiveCfg = Release|Any CPU
		{37096DA1-0E94-47E6-86BE-57B0DFEF0AA7}.Release|Any CPU.Build.0 = Release|Any CPU
		{37096DA1-0E94-47E6-86BE-57B0DFEF0AA7}.Release|x64.ActiveCfg = Release|Any CPU
		{37096DA1-0E94-47E6-86BE-57B0DFEF0AA7}.Release|x64.Build.0 = Release|Any CPU
		{37096DA1-0E94-47E6-86BE-57B0DFEF0AA7}.Release|x86.ActiveCfg = Release|Any CPU
		{37096DA1-0E94-47E6-86BE-57B0DFEF0AA7}.Release|x86.Build.0 = Release|Any CPU
		{83CA6B65-BDFD-41FB-AD7D-FC58C04E3695}.Debug|Any CPU.ActiveCfg = Debug|Any CPU
		{83CA6B65-BDFD-41FB-AD7D-FC58C04E3695}.Debug|Any CPU.Build.0 = Debug|Any CPU
		{83CA6B65-BDFD-41FB-AD7D-FC58C04E3695}.Debug|x64.ActiveCfg = Debug|Any CPU
		{83CA6B65-BDFD-41FB-AD7D-FC58C04E3695}.Debug|x64.Build.0 = Debug|Any CPU
		{83CA6B65-BDFD-41FB-AD7D-FC58C04E3695}.Debug|x86.ActiveCfg = Debug|Any CPU
		{83CA6B65-BDFD-41FB-AD7D-FC58C04E3695}.Debug|x86.Build.0 = Debug|Any CPU
		{83CA6B65-BDFD-41FB-AD7D-FC58C04E3695}.Release|Any CPU.ActiveCfg = Release|Any CPU
		{83CA6B65-BDFD-41FB-AD7D-FC58C04E3695}.Release|Any CPU.Build.0 = Release|Any CPU
		{83CA6B65-BDFD-41FB-AD7D-FC58C04E3695}.Release|x64.ActiveCfg = Release|Any CPU
		{83CA6B65-BDFD-41FB-AD7D-FC58C04E3695}.Release|x64.Build.0 = Release|Any CPU
		{83CA6B65-BDFD-41FB-AD7D-FC58C04E3695}.Release|x86.ActiveCfg = Release|Any CPU
		{83CA6B65-BDFD-41FB-AD7D-FC58C04E3695}.Release|x86.Build.0 = Release|Any CPU
		{B793F3EA-50CC-4BDC-8F8D-F79160ECCD3C}.Debug|Any CPU.ActiveCfg = Debug|Any CPU
		{B793F3EA-50CC-4BDC-8F8D-F79160ECCD3C}.Debug|Any CPU.Build.0 = Debug|Any CPU
		{B793F3EA-50CC-4BDC-8F8D-F79160ECCD3C}.Debug|x64.ActiveCfg = Debug|Any CPU
		{B793F3EA-50CC-4BDC-8F8D-F79160ECCD3C}.Debug|x64.Build.0 = Debug|Any CPU
		{B793F3EA-50CC-4BDC-8F8D-F79160ECCD3C}.Debug|x86.ActiveCfg = Debug|Any CPU
		{B793F3EA-50CC-4BDC-8F8D-F79160ECCD3C}.Debug|x86.Build.0 = Debug|Any CPU
		{B793F3EA-50CC-4BDC-8F8D-F79160ECCD3C}.Release|Any CPU.ActiveCfg = Release|Any CPU
		{B793F3EA-50CC-4BDC-8F8D-F79160ECCD3C}.Release|Any CPU.Build.0 = Release|Any CPU
		{B793F3EA-50CC-4BDC-8F8D-F79160ECCD3C}.Release|x64.ActiveCfg = Release|Any CPU
		{B793F3EA-50CC-4BDC-8F8D-F79160ECCD3C}.Release|x64.Build.0 = Release|Any CPU
		{B793F3EA-50CC-4BDC-8F8D-F79160ECCD3C}.Release|x86.ActiveCfg = Release|Any CPU
		{B793F3EA-50CC-4BDC-8F8D-F79160ECCD3C}.Release|x86.Build.0 = Release|Any CPU
		{16951FB5-BB09-4B71-B432-39E035BA96A9}.Debug|Any CPU.ActiveCfg = Debug|Any CPU
		{16951FB5-BB09-4B71-B432-39E035BA96A9}.Debug|Any CPU.Build.0 = Debug|Any CPU
		{16951FB5-BB09-4B71-B432-39E035BA96A9}.Debug|x64.ActiveCfg = Debug|Any CPU
		{16951FB5-BB09-4B71-B432-39E035BA96A9}.Debug|x64.Build.0 = Debug|Any CPU
		{16951FB5-BB09-4B71-B432-39E035BA96A9}.Debug|x86.ActiveCfg = Debug|Any CPU
		{16951FB5-BB09-4B71-B432-39E035BA96A9}.Debug|x86.Build.0 = Debug|Any CPU
		{16951FB5-BB09-4B71-B432-39E035BA96A9}.Release|Any CPU.ActiveCfg = Release|Any CPU
		{16951FB5-BB09-4B71-B432-39E035BA96A9}.Release|Any CPU.Build.0 = Release|Any CPU
		{16951FB5-BB09-4B71-B432-39E035BA96A9}.Release|x64.ActiveCfg = Release|Any CPU
		{16951FB5-BB09-4B71-B432-39E035BA96A9}.Release|x64.Build.0 = Release|Any CPU
		{16951FB5-BB09-4B71-B432-39E035BA96A9}.Release|x86.ActiveCfg = Release|Any CPU
		{16951FB5-BB09-4B71-B432-39E035BA96A9}.Release|x86.Build.0 = Release|Any CPU
		{7EDE3E70-7538-400D-8B18-68A49CD34A68}.Debug|Any CPU.ActiveCfg = Debug|Any CPU
		{7EDE3E70-7538-400D-8B18-68A49CD34A68}.Debug|Any CPU.Build.0 = Debug|Any CPU
		{7EDE3E70-7538-400D-8B18-68A49CD34A68}.Debug|x64.ActiveCfg = Debug|Any CPU
		{7EDE3E70-7538-400D-8B18-68A49CD34A68}.Debug|x64.Build.0 = Debug|Any CPU
		{7EDE3E70-7538-400D-8B18-68A49CD34A68}.Debug|x86.ActiveCfg = Debug|Any CPU
		{7EDE3E70-7538-400D-8B18-68A49CD34A68}.Debug|x86.Build.0 = Debug|Any CPU
		{7EDE3E70-7538-400D-8B18-68A49CD34A68}.Release|Any CPU.ActiveCfg = Release|Any CPU
		{7EDE3E70-7538-400D-8B18-68A49CD34A68}.Release|Any CPU.Build.0 = Release|Any CPU
		{7EDE3E70-7538-400D-8B18-68A49CD34A68}.Release|x64.ActiveCfg = Release|Any CPU
		{7EDE3E70-7538-400D-8B18-68A49CD34A68}.Release|x64.Build.0 = Release|Any CPU
		{7EDE3E70-7538-400D-8B18-68A49CD34A68}.Release|x86.ActiveCfg = Release|Any CPU
		{7EDE3E70-7538-400D-8B18-68A49CD34A68}.Release|x86.Build.0 = Release|Any CPU
	EndGlobalSection
	GlobalSection(SolutionProperties) = preSolution
		HideSolutionNode = FALSE
	EndGlobalSection
	GlobalSection(NestedProjects) = preSolution
		{0E5FA3C3-4942-42A2-B76E-F6B7A3D689A2} = {04FFEE81-B591-4C83-BD54-114328A069D6}
		{F7D4D3CC-0C03-47B2-BABC-47AF5C7583D4} = {04FFEE81-B591-4C83-BD54-114328A069D6}
		{C6A2666E-C963-49A4-9575-289DB8FA9D75} = {04FFEE81-B591-4C83-BD54-114328A069D6}
		{3C43C90F-B430-45F3-9480-9A094C73C76E} = {04FFEE81-B591-4C83-BD54-114328A069D6}
		{B0FABAA9-C4DF-4AD6-BFD2-379C6D4A997D} = {3C43C90F-B430-45F3-9480-9A094C73C76E}
		{AB2294D5-7362-408E-BD5E-BA8FC0F032CC} = {3C43C90F-B430-45F3-9480-9A094C73C76E}
		{D76B03FB-9D51-4602-A5F5-349AD780345B} = {3C43C90F-B430-45F3-9480-9A094C73C76E}
		{F4C71141-313C-491A-92BA-904B61DB10D5} = {3C43C90F-B430-45F3-9480-9A094C73C76E}
		{5823343A-EFF1-4C3D-AA5C-55048073100D} = {FD360C74-E961-40F7-95B9-9368D9CECAB1}
		{204E9936-EA96-4EBE-ABC8-0CBEA17EF138} = {FD360C74-E961-40F7-95B9-9368D9CECAB1}
		{00C846E4-5CEB-4C8E-88F5-D63037BBD47E} = {204E9936-EA96-4EBE-ABC8-0CBEA17EF138}
		{37096DA1-0E94-47E6-86BE-57B0DFEF0AA7} = {204E9936-EA96-4EBE-ABC8-0CBEA17EF138}
		{83CA6B65-BDFD-41FB-AD7D-FC58C04E3695} = {3C43C90F-B430-45F3-9480-9A094C73C76E}
		{411766BB-6E95-64C5-673D-2CCA77431681} = {3C43C90F-B430-45F3-9480-9A094C73C76E}
		{B793F3EA-50CC-4BDC-8F8D-F79160ECCD3C} = {411766BB-6E95-64C5-673D-2CCA77431681}
		{16951FB5-BB09-4B71-B432-39E035BA96A9} = {3C43C90F-B430-45F3-9480-9A094C73C76E}
		{49D7A39A-4966-7E6A-401E-D155E024C9ED} = {3C43C90F-B430-45F3-9480-9A094C73C76E}
		{7EDE3E70-7538-400D-8B18-68A49CD34A68} = {3C43C90F-B430-45F3-9480-9A094C73C76E}
	EndGlobalSection
EndGlobal
