
Microsoft Visual Studio Solution File, Format Version 12.00
# Visual Studio Version 17
VisualStudioVersion = 17.0.31903.59
MinimumVisualStudioVersion = 10.0.40219.1
Project("{2150E333-8FDC-42A3-9474-1A3956D46DE8}") = "src", "src", "{04FFEE81-B591-4C83-BD54-114328A069D6}"
EndProject
Project("{FAE04EC0-301F-11D3-BF4B-00C04F79EFBC}") = "EduZasAPI.Domain", "src\EduZasAPI.Domain\EduZasAPI.Domain.csproj", "{8D8EEB23-D0CB-48CA-9804-FFE97E788740}"
EndProject
Project("{FAE04EC0-301F-11D3-BF4B-00C04F79EFBC}") = "EduZasAPI.Application", "src\EduZasAPI.Application\EduZasAPI.Application.csproj", "{AF59EA2A-CEF2-4474-AB88-B34F6A1C2F2B}"
EndProject
Project("{2150E333-8FDC-42A3-9474-1A3956D46DE8}") = "EduZasAPI.Infraestructure", "EduZasAPI.Infraestructure", "{5E9639A2-F46B-4FB5-85D1-8437195182AA}"
EndProject
Project("{FAE04EC0-301F-11D3-BF4B-00C04F79EFBC}") = "EduZasAPI.Infraestructure.EntityFramework", "src\EduZasAPI.Infraestructure\EduZasAPI.Infraestructure.EntityFramework\EduZasAPI.Infraestructure.EntityFramework.csproj", "{16FEA208-8120-49FD-944A-2FD00CEE06EC}"
EndProject
Project("{FAE04EC0-301F-11D3-BF4B-00C04F79EFBC}") = "EduZasAPI.Infraestructure.MinimalAPI", "src\EduZasAPI.Infraestructure\EduZasAPI.Infraestructure.MinimalAPI\EduZasAPI.Infraestructure.MinimalAPI.csproj", "{31D6B226-DD5D-454B-AA72-041EBF67C4B8}"
EndProject
Project("{FAE04EC0-301F-11D3-BF4B-00C04F79EFBC}") = "EduZasAPI.Infraestructure.FluentValidation", "src\EduZasAPI.Infraestructure\EduZasAPI.Infraestructure.FluentValidation\EduZasAPI.Infraestructure.FluentValidation.csproj", "{8396AEFC-0131-4F21-B53F-04ED4C575E7D}"
EndProject
Project("{FAE04EC0-301F-11D3-BF4B-00C04F79EFBC}") = "EduZasAPI.Infraestructure.BCrypt", "src\EduZasAPI.Infraestructure\EduZasAPI.Infraestructure.BCrypt\EduZasAPI.Infraestructure.BCrypt.csproj", "{72767AB1-2E51-4D71-8ACA-AA8AAA1C714E}"
EndProject
Project("{FAE04EC0-301F-11D3-BF4B-00C04F79EFBC}") = "EduZasAPI.InterfaceAdapters", "src\EduZasAPI.InterfaceAdapters\EduZasAPI.InterfaceAdapters.csproj", "{8534D4E9-5948-4F99-B2BB-632EEF7C9BBD}"
EndProject
Project("{2150E333-8FDC-42A3-9474-1A3956D46DE8}") = "tests", "tests", "{FD360C74-E961-40F7-95B9-9368D9CECAB1}"
EndProject
Project("{FAE04EC0-301F-11D3-BF4B-00C04F79EFBC}") = "EduZasAPI.EntityFramework.Tests", "tests\EduZasAPI.EntityFramework.Tests\EduZasAPI.EntityFramework.Tests.csproj", "{06824026-BEF1-4939-B276-CFC330AEDA08}"
EndProject
Project("{FAE04EC0-301F-11D3-BF4B-00C04F79EFBC}") = "EduZasAPI.FluentValidation.Tests", "tests\EduZasAPI.FluentValidation.Tests\EduZasAPI.FluentValidation.Tests.csproj", "{A991F034-D04F-487C-9C06-D89084620EF1}"
EndProject
Project("{FAE04EC0-301F-11D3-BF4B-00C04F79EFBC}") = "EduZasAPI.Application.Tests", "tests\EduZasAPI.Application.Tests\EduZasAPI.Application.Tests.csproj", "{A6A841F1-285B-41C0-90E4-C428C946E06A}"
EndProject
Global
	GlobalSection(SolutionConfigurationPlatforms) = preSolution
		Debug|Any CPU = Debug|Any CPU
		Release|Any CPU = Release|Any CPU
	EndGlobalSection
	GlobalSection(SolutionProperties) = preSolution
		HideSolutionNode = FALSE
	EndGlobalSection
	GlobalSection(ProjectConfigurationPlatforms) = postSolution
		{8D8EEB23-D0CB-48CA-9804-FFE97E788740}.Debug|Any CPU.ActiveCfg = Debug|Any CPU
		{8D8EEB23-D0CB-48CA-9804-FFE97E788740}.Debug|Any CPU.Build.0 = Debug|Any CPU
		{8D8EEB23-D0CB-48CA-9804-FFE97E788740}.Release|Any CPU.ActiveCfg = Release|Any CPU
		{8D8EEB23-D0CB-48CA-9804-FFE97E788740}.Release|Any CPU.Build.0 = Release|Any CPU
		{AF59EA2A-CEF2-4474-AB88-B34F6A1C2F2B}.Debug|Any CPU.ActiveCfg = Debug|Any CPU
		{AF59EA2A-CEF2-4474-AB88-B34F6A1C2F2B}.Debug|Any CPU.Build.0 = Debug|Any CPU
		{AF59EA2A-CEF2-4474-AB88-B34F6A1C2F2B}.Release|Any CPU.ActiveCfg = Release|Any CPU
		{AF59EA2A-CEF2-4474-AB88-B34F6A1C2F2B}.Release|Any CPU.Build.0 = Release|Any CPU
		{16FEA208-8120-49FD-944A-2FD00CEE06EC}.Debug|Any CPU.ActiveCfg = Debug|Any CPU
		{16FEA208-8120-49FD-944A-2FD00CEE06EC}.Debug|Any CPU.Build.0 = Debug|Any CPU
		{16FEA208-8120-49FD-944A-2FD00CEE06EC}.Release|Any CPU.ActiveCfg = Release|Any CPU
		{16FEA208-8120-49FD-944A-2FD00CEE06EC}.Release|Any CPU.Build.0 = Release|Any CPU
		{31D6B226-DD5D-454B-AA72-041EBF67C4B8}.Debug|Any CPU.ActiveCfg = Debug|Any CPU
		{31D6B226-DD5D-454B-AA72-041EBF67C4B8}.Debug|Any CPU.Build.0 = Debug|Any CPU
		{31D6B226-DD5D-454B-AA72-041EBF67C4B8}.Release|Any CPU.ActiveCfg = Release|Any CPU
		{31D6B226-DD5D-454B-AA72-041EBF67C4B8}.Release|Any CPU.Build.0 = Release|Any CPU
		{8396AEFC-0131-4F21-B53F-04ED4C575E7D}.Debug|Any CPU.ActiveCfg = Debug|Any CPU
		{8396AEFC-0131-4F21-B53F-04ED4C575E7D}.Debug|Any CPU.Build.0 = Debug|Any CPU
		{8396AEFC-0131-4F21-B53F-04ED4C575E7D}.Release|Any CPU.ActiveCfg = Release|Any CPU
		{8396AEFC-0131-4F21-B53F-04ED4C575E7D}.Release|Any CPU.Build.0 = Release|Any CPU
		{72767AB1-2E51-4D71-8ACA-AA8AAA1C714E}.Debug|Any CPU.ActiveCfg = Debug|Any CPU
		{72767AB1-2E51-4D71-8ACA-AA8AAA1C714E}.Debug|Any CPU.Build.0 = Debug|Any CPU
		{72767AB1-2E51-4D71-8ACA-AA8AAA1C714E}.Release|Any CPU.ActiveCfg = Release|Any CPU
		{72767AB1-2E51-4D71-8ACA-AA8AAA1C714E}.Release|Any CPU.Build.0 = Release|Any CPU
		{8534D4E9-5948-4F99-B2BB-632EEF7C9BBD}.Debug|Any CPU.ActiveCfg = Debug|Any CPU
		{8534D4E9-5948-4F99-B2BB-632EEF7C9BBD}.Debug|Any CPU.Build.0 = Debug|Any CPU
		{8534D4E9-5948-4F99-B2BB-632EEF7C9BBD}.Release|Any CPU.ActiveCfg = Release|Any CPU
		{8534D4E9-5948-4F99-B2BB-632EEF7C9BBD}.Release|Any CPU.Build.0 = Release|Any CPU
		{06824026-BEF1-4939-B276-CFC330AEDA08}.Debug|Any CPU.ActiveCfg = Debug|Any CPU
		{06824026-BEF1-4939-B276-CFC330AEDA08}.Debug|Any CPU.Build.0 = Debug|Any CPU
		{06824026-BEF1-4939-B276-CFC330AEDA08}.Release|Any CPU.ActiveCfg = Release|Any CPU
		{06824026-BEF1-4939-B276-CFC330AEDA08}.Release|Any CPU.Build.0 = Release|Any CPU
		{A991F034-D04F-487C-9C06-D89084620EF1}.Debug|Any CPU.ActiveCfg = Debug|Any CPU
		{A991F034-D04F-487C-9C06-D89084620EF1}.Debug|Any CPU.Build.0 = Debug|Any CPU
		{A991F034-D04F-487C-9C06-D89084620EF1}.Release|Any CPU.ActiveCfg = Release|Any CPU
		{A991F034-D04F-487C-9C06-D89084620EF1}.Release|Any CPU.Build.0 = Release|Any CPU
		{A6A841F1-285B-41C0-90E4-C428C946E06A}.Debug|Any CPU.ActiveCfg = Debug|Any CPU
		{A6A841F1-285B-41C0-90E4-C428C946E06A}.Debug|Any CPU.Build.0 = Debug|Any CPU
		{A6A841F1-285B-41C0-90E4-C428C946E06A}.Release|Any CPU.ActiveCfg = Release|Any CPU
		{A6A841F1-285B-41C0-90E4-C428C946E06A}.Release|Any CPU.Build.0 = Release|Any CPU
	EndGlobalSection
	GlobalSection(NestedProjects) = preSolution
		{8D8EEB23-D0CB-48CA-9804-FFE97E788740} = {04FFEE81-B591-4C83-BD54-114328A069D6}
		{AF59EA2A-CEF2-4474-AB88-B34F6A1C2F2B} = {04FFEE81-B591-4C83-BD54-114328A069D6}
		{5E9639A2-F46B-4FB5-85D1-8437195182AA} = {04FFEE81-B591-4C83-BD54-114328A069D6}
		{16FEA208-8120-49FD-944A-2FD00CEE06EC} = {5E9639A2-F46B-4FB5-85D1-8437195182AA}
		{31D6B226-DD5D-454B-AA72-041EBF67C4B8} = {5E9639A2-F46B-4FB5-85D1-8437195182AA}
		{8396AEFC-0131-4F21-B53F-04ED4C575E7D} = {5E9639A2-F46B-4FB5-85D1-8437195182AA}
		{72767AB1-2E51-4D71-8ACA-AA8AAA1C714E} = {5E9639A2-F46B-4FB5-85D1-8437195182AA}
		{8534D4E9-5948-4F99-B2BB-632EEF7C9BBD} = {04FFEE81-B591-4C83-BD54-114328A069D6}
		{06824026-BEF1-4939-B276-CFC330AEDA08} = {FD360C74-E961-40F7-95B9-9368D9CECAB1}
		{A991F034-D04F-487C-9C06-D89084620EF1} = {FD360C74-E961-40F7-95B9-9368D9CECAB1}
		{A6A841F1-285B-41C0-90E4-C428C946E06A} = {FD360C74-E961-40F7-95B9-9368D9CECAB1}
	EndGlobalSection
	GlobalSection(ExtensibilityGlobals) = postSolution
		SolutionWorkingFolder = {31D6B226-DD5D-454B-AA72-041EBF67C4B8}
	EndGlobalSection
EndGlobal
